
Microsoft Visual Studio Solution File, Format Version 12.00
# Visual Studio Version 17
VisualStudioVersion = 17.2.32210.308
MinimumVisualStudioVersion = 10.0.40219.1
Project("{2150E333-8FDC-42A3-9474-1A3956D46DE8}") = ".dll", ".dll", "{6CA1C9E1-3CE0-40C6-A58A-16D734457AD3}"
EndProject
Project("{FAE04EC0-301F-11D3-BF4B-00C04F79EFBC}") = "PanoramaControl", "3.part.Dll\TilePanoramaControl\TouchPanorama\PanoramaControl\PanoramaControl.csproj", "{A9EAAA9A-E076-4C26-8834-D66EB8439BC1}"
EndProject
Project("{9A19103F-16F7-4668-BE54-9A1E7A4F7556}") = "resto-api", "resto-api\resto-api.csproj", "{9E4FA26B-4748-47AA-8A28-A58B6E415B7B}"
EndProject
Project("{54A90642-561A-4BB1-A94E-469ADEE60C69}") = "resto-vue", "resto-vue\resto-vue.esproj", "{A3B979A9-EB00-4CE5-AC01-591FE89912CE}"
EndProject
Project("{9A19103F-16F7-4668-BE54-9A1E7A4F7556}") = "RestoOs", "RestoOs\RestoOs.csproj", "{9FD14A56-C51D-480E-B146-A94F2BD4683C}"
EndProject
Project("{2150E333-8FDC-42A3-9474-1A3956D46DE8}") = "Client", "Client", "{26140CB9-D104-4DC0-B76F-56E6446DA74E}"
EndProject
Project("{2150E333-8FDC-42A3-9474-1A3956D46DE8}") = "Server", "Server", "{FF4434C8-B263-4D4B-9659-4BDA03E9FFFB}"
EndProject
Global
	GlobalSection(SolutionConfigurationPlatforms) = preSolution
		Debug|Any CPU = Debug|Any CPU
		Debug|arm64 = Debug|arm64
		Debug|x64 = Debug|x64
		Debug|x86 = Debug|x86
		Release|Any CPU = Release|Any CPU
		Release|arm64 = Release|arm64
		Release|x64 = Release|x64
		Release|x86 = Release|x86
	EndGlobalSection
	GlobalSection(ProjectConfigurationPlatforms) = postSolution
		{A9EAAA9A-E076-4C26-8834-D66EB8439BC1}.Debug|Any CPU.ActiveCfg = Debug|Any CPU
		{A9EAAA9A-E076-4C26-8834-D66EB8439BC1}.Debug|Any CPU.Build.0 = Debug|Any CPU
		{A9EAAA9A-E076-4C26-8834-D66EB8439BC1}.Debug|arm64.ActiveCfg = Debug|Any CPU
		{A9EAAA9A-E076-4C26-8834-D66EB8439BC1}.Debug|arm64.Build.0 = Debug|Any CPU
		{A9EAAA9A-E076-4C26-8834-D66EB8439BC1}.Debug|x64.ActiveCfg = Debug|Any CPU
		{A9EAAA9A-E076-4C26-8834-D66EB8439BC1}.Debug|x64.Build.0 = Debug|Any CPU
		{A9EAAA9A-E076-4C26-8834-D66EB8439BC1}.Debug|x86.ActiveCfg = Debug|x86
		{A9EAAA9A-E076-4C26-8834-D66EB8439BC1}.Debug|x86.Build.0 = Debug|x86
		{A9EAAA9A-E076-4C26-8834-D66EB8439BC1}.Release|Any CPU.ActiveCfg = Release|Any CPU
		{A9EAAA9A-E076-4C26-8834-D66EB8439BC1}.Release|Any CPU.Build.0 = Release|Any CPU
		{A9EAAA9A-E076-4C26-8834-D66EB8439BC1}.Release|arm64.ActiveCfg = Release|Any CPU
		{A9EAAA9A-E076-4C26-8834-D66EB8439BC1}.Release|arm64.Build.0 = Release|Any CPU
		{A9EAAA9A-E076-4C26-8834-D66EB8439BC1}.Release|x64.ActiveCfg = Release|Any CPU
		{A9EAAA9A-E076-4C26-8834-D66EB8439BC1}.Release|x64.Build.0 = Release|Any CPU
		{A9EAAA9A-E076-4C26-8834-D66EB8439BC1}.Release|x86.ActiveCfg = Release|x86
		{A9EAAA9A-E076-4C26-8834-D66EB8439BC1}.Release|x86.Build.0 = Release|x86
		{9E4FA26B-4748-47AA-8A28-A58B6E415B7B}.Debug|Any CPU.ActiveCfg = Debug|Any CPU
		{9E4FA26B-4748-47AA-8A28-A58B6E415B7B}.Debug|Any CPU.Build.0 = Debug|Any CPU
		{9E4FA26B-4748-47AA-8A28-A58B6E415B7B}.Debug|arm64.ActiveCfg = Debug|Any CPU
		{9E4FA26B-4748-47AA-8A28-A58B6E415B7B}.Debug|arm64.Build.0 = Debug|Any CPU
		{9E4FA26B-4748-47AA-8A28-A58B6E415B7B}.Debug|x64.ActiveCfg = Debug|Any CPU
		{9E4FA26B-4748-47AA-8A28-A58B6E415B7B}.Debug|x64.Build.0 = Debug|Any CPU
		{9E4FA26B-4748-47AA-8A28-A58B6E415B7B}.Debug|x86.ActiveCfg = Debug|Any CPU
		{9E4FA26B-4748-47AA-8A28-A58B6E415B7B}.Debug|x86.Build.0 = Debug|Any CPU
		{9E4FA26B-4748-47AA-8A28-A58B6E415B7B}.Release|Any CPU.ActiveCfg = Release|Any CPU
		{9E4FA26B-4748-47AA-8A28-A58B6E415B7B}.Release|Any CPU.Build.0 = Release|Any CPU
		{9E4FA26B-4748-47AA-8A28-A58B6E415B7B}.Release|arm64.ActiveCfg = Release|Any CPU
		{9E4FA26B-4748-47AA-8A28-A58B6E415B7B}.Release|arm64.Build.0 = Release|Any CPU
		{9E4FA26B-4748-47AA-8A28-A58B6E415B7B}.Release|x64.ActiveCfg = Release|Any CPU
		{9E4FA26B-4748-47AA-8A28-A58B6E415B7B}.Release|x64.Build.0 = Release|Any CPU
		{9E4FA26B-4748-47AA-8A28-A58B6E415B7B}.Release|x86.ActiveCfg = Release|Any CPU
		{9E4FA26B-4748-47AA-8A28-A58B6E415B7B}.Release|x86.Build.0 = Release|Any CPU
		{A3B979A9-EB00-4CE5-AC01-591FE89912CE}.Debug|Any CPU.ActiveCfg = Debug|Any CPU
		{A3B979A9-EB00-4CE5-AC01-591FE89912CE}.Debug|Any CPU.Build.0 = Debug|Any CPU
		{A3B979A9-EB00-4CE5-AC01-591FE89912CE}.Debug|Any CPU.Deploy.0 = Debug|Any CPU
		{A3B979A9-EB00-4CE5-AC01-591FE89912CE}.Debug|arm64.ActiveCfg = Debug|Any CPU
		{A3B979A9-EB00-4CE5-AC01-591FE89912CE}.Debug|arm64.Build.0 = Debug|Any CPU
		{A3B979A9-EB00-4CE5-AC01-591FE89912CE}.Debug|arm64.Deploy.0 = Debug|Any CPU
		{A3B979A9-EB00-4CE5-AC01-591FE89912CE}.Debug|x64.ActiveCfg = Debug|Any CPU
		{A3B979A9-EB00-4CE5-AC01-591FE89912CE}.Debug|x64.Build.0 = Debug|Any CPU
		{A3B979A9-EB00-4CE5-AC01-591FE89912CE}.Debug|x64.Deploy.0 = Debug|Any CPU
		{A3B979A9-EB00-4CE5-AC01-591FE89912CE}.Debug|x86.ActiveCfg = Debug|Any CPU
		{A3B979A9-EB00-4CE5-AC01-591FE89912CE}.Debug|x86.Build.0 = Debug|Any CPU
		{A3B979A9-EB00-4CE5-AC01-591FE89912CE}.Debug|x86.Deploy.0 = Debug|Any CPU
		{A3B979A9-EB00-4CE5-AC01-591FE89912CE}.Release|Any CPU.ActiveCfg = Release|Any CPU
		{A3B979A9-EB00-4CE5-AC01-591FE89912CE}.Release|Any CPU.Build.0 = Release|Any CPU
		{A3B979A9-EB00-4CE5-AC01-591FE89912CE}.Release|Any CPU.Deploy.0 = Release|Any CPU
		{A3B979A9-EB00-4CE5-AC01-591FE89912CE}.Release|arm64.ActiveCfg = Release|Any CPU
		{A3B979A9-EB00-4CE5-AC01-591FE89912CE}.Release|arm64.Build.0 = Release|Any CPU
		{A3B979A9-EB00-4CE5-AC01-591FE89912CE}.Release|arm64.Deploy.0 = Release|Any CPU
		{A3B979A9-EB00-4CE5-AC01-591FE89912CE}.Release|x64.ActiveCfg = Release|Any CPU
		{A3B979A9-EB00-4CE5-AC01-591FE89912CE}.Release|x64.Build.0 = Release|Any CPU
		{A3B979A9-EB00-4CE5-AC01-591FE89912CE}.Release|x64.Deploy.0 = Release|Any CPU
		{A3B979A9-EB00-4CE5-AC01-591FE89912CE}.Release|x86.ActiveCfg = Release|Any CPU
		{A3B979A9-EB00-4CE5-AC01-591FE89912CE}.Release|x86.Build.0 = Release|Any CPU
		{A3B979A9-EB00-4CE5-AC01-591FE89912CE}.Release|x86.Deploy.0 = Release|Any CPU
		{9FD14A56-C51D-480E-B146-A94F2BD4683C}.Debug|Any CPU.ActiveCfg = Debug|Any CPU
		{9FD14A56-C51D-480E-B146-A94F2BD4683C}.Debug|Any CPU.Build.0 = Debug|Any CPU
		{9FD14A56-C51D-480E-B146-A94F2BD4683C}.Debug|arm64.ActiveCfg = Debug|Any CPU
		{9FD14A56-C51D-480E-B146-A94F2BD4683C}.Debug|arm64.Build.0 = Debug|Any CPU
		{9FD14A56-C51D-480E-B146-A94F2BD4683C}.Debug|x64.ActiveCfg = Debug|Any CPU
		{9FD14A56-C51D-480E-B146-A94F2BD4683C}.Debug|x64.Build.0 = Debug|Any CPU
		{9FD14A56-C51D-480E-B146-A94F2BD4683C}.Debug|x86.ActiveCfg = Debug|Any CPU
		{9FD14A56-C51D-480E-B146-A94F2BD4683C}.Debug|x86.Build.0 = Debug|Any CPU
		{9FD14A56-C51D-480E-B146-A94F2BD4683C}.Release|Any CPU.ActiveCfg = Release|Any CPU
		{9FD14A56-C51D-480E-B146-A94F2BD4683C}.Release|Any CPU.Build.0 = Release|Any CPU
		{9FD14A56-C51D-480E-B146-A94F2BD4683C}.Release|arm64.ActiveCfg = Release|Any CPU
		{9FD14A56-C51D-480E-B146-A94F2BD4683C}.Release|arm64.Build.0 = Release|Any CPU
		{9FD14A56-C51D-480E-B146-A94F2BD4683C}.Release|x64.ActiveCfg = Release|Any CPU
		{9FD14A56-C51D-480E-B146-A94F2BD4683C}.Release|x64.Build.0 = Release|Any CPU
		{9FD14A56-C51D-480E-B146-A94F2BD4683C}.Release|x86.ActiveCfg = Release|Any CPU
		{9FD14A56-C51D-480E-B146-A94F2BD4683C}.Release|x86.Build.0 = Release|Any CPU
	EndGlobalSection
	GlobalSection(SolutionProperties) = preSolution
		HideSolutionNode = FALSE
	EndGlobalSection
	GlobalSection(NestedProjects) = preSolution
		{A9EAAA9A-E076-4C26-8834-D66EB8439BC1} = {6CA1C9E1-3CE0-40C6-A58A-16D734457AD3}
		{9E4FA26B-4748-47AA-8A28-A58B6E415B7B} = {26140CB9-D104-4DC0-B76F-56E6446DA74E}
		{A3B979A9-EB00-4CE5-AC01-591FE89912CE} = {26140CB9-D104-4DC0-B76F-56E6446DA74E}
		{9FD14A56-C51D-480E-B146-A94F2BD4683C} = {26140CB9-D104-4DC0-B76F-56E6446DA74E}
	EndGlobalSection
	GlobalSection(ExtensibilityGlobals) = postSolution
		SolutionGuid = {FDD6C7EA-39F7-402C-B9A0-946889C35039}
	EndGlobalSection
EndGlobal
