
Microsoft Visual Studio Solution File, Format Version 12.00
# Visual Studio Version 17
VisualStudioVersion = 17.2.32210.308
MinimumVisualStudioVersion = 10.0.40219.1
Project("{9A19103F-16F7-4668-BE54-9A1E7A4F7556}") = "resto-api", "resto-api\resto-api.csproj", "{9E4FA26B-4748-47AA-8A28-A58B6E415B7B}"
EndProject
Project("{2150E333-8FDC-42A3-9474-1A3956D46DE8}") = "Client", "Client", "{26140CB9-D104-4DC0-B76F-56E6446DA74E}"
EndProject
Project("{2150E333-8FDC-42A3-9474-1A3956D46DE8}") = "Server", "Server", "{FF4434C8-B263-4D4B-9659-4BDA03E9FFFB}"
EndProject
Project("{9A19103F-16F7-4668-BE54-9A1E7A4F7556}") = "restocentr", "..\..\MIA\Resto\restocentr\restocentr.csproj", "{CF3008FD-F607-4B74-AE4D-D039EE4304C5}"
EndProject
Project("{9A19103F-16F7-4668-BE54-9A1E7A4F7556}") = "test", "test\test.csproj", "{DF8A4FF2-939C-42AE-908C-1BB754586FF0}"
EndProject
Global
	GlobalSection(SolutionConfigurationPlatforms) = preSolution
		Debug|Any CPU = Debug|Any CPU
		Debug|arm64 = Debug|arm64
		Debug|x64 = Debug|x64
		Debug|x86 = Debug|x86
		Release|Any CPU = Release|Any CPU
		Release|arm64 = Release|arm64
		Release|x64 = Release|x64
		Release|x86 = Release|x86
	EndGlobalSection
	GlobalSection(ProjectConfigurationPlatforms) = postSolution
		{9E4FA26B-4748-47AA-8A28-A58B6E415B7B}.Debug|Any CPU.ActiveCfg = Debug|Any CPU
		{9E4FA26B-4748-47AA-8A28-A58B6E415B7B}.Debug|Any CPU.Build.0 = Debug|Any CPU
		{9E4FA26B-4748-47AA-8A28-A58B6E415B7B}.Debug|arm64.ActiveCfg = Debug|Any CPU
		{9E4FA26B-4748-47AA-8A28-A58B6E415B7B}.Debug|arm64.Build.0 = Debug|Any CPU
		{9E4FA26B-4748-47AA-8A28-A58B6E415B7B}.Debug|x64.ActiveCfg = Debug|Any CPU
		{9E4FA26B-4748-47AA-8A28-A58B6E415B7B}.Debug|x64.Build.0 = Debug|Any CPU
		{9E4FA26B-4748-47AA-8A28-A58B6E415B7B}.Debug|x86.ActiveCfg = Debug|Any CPU
		{9E4FA26B-4748-47AA-8A28-A58B6E415B7B}.Debug|x86.Build.0 = Debug|Any CPU
		{9E4FA26B-4748-47AA-8A28-A58B6E415B7B}.Release|Any CPU.ActiveCfg = Release|Any CPU
		{9E4FA26B-4748-47AA-8A28-A58B6E415B7B}.Release|Any CPU.Build.0 = Release|Any CPU
		{9E4FA26B-4748-47AA-8A28-A58B6E415B7B}.Release|arm64.ActiveCfg = Release|Any CPU
		{9E4FA26B-4748-47AA-8A28-A58B6E415B7B}.Release|arm64.Build.0 = Release|Any CPU
		{9E4FA26B-4748-47AA-8A28-A58B6E415B7B}.Release|x64.ActiveCfg = Release|Any CPU
		{9E4FA26B-4748-47AA-8A28-A58B6E415B7B}.Release|x64.Build.0 = Release|Any CPU
		{9E4FA26B-4748-47AA-8A28-A58B6E415B7B}.Release|x86.ActiveCfg = Release|Any CPU
		{9E4FA26B-4748-47AA-8A28-A58B6E415B7B}.Release|x86.Build.0 = Release|Any CPU
		{CF3008FD-F607-4B74-AE4D-D039EE4304C5}.Debug|Any CPU.ActiveCfg = Debug|Any CPU
		{CF3008FD-F607-4B74-AE4D-D039EE4304C5}.Debug|Any CPU.Build.0 = Debug|Any CPU
		{CF3008FD-F607-4B74-AE4D-D039EE4304C5}.Debug|arm64.ActiveCfg = Debug|Any CPU
		{CF3008FD-F607-4B74-AE4D-D039EE4304C5}.Debug|arm64.Build.0 = Debug|Any CPU
		{CF3008FD-F607-4B74-AE4D-D039EE4304C5}.Debug|x64.ActiveCfg = Debug|Any CPU
		{CF3008FD-F607-4B74-AE4D-D039EE4304C5}.Debug|x64.Build.0 = Debug|Any CPU
		{CF3008FD-F607-4B74-AE4D-D039EE4304C5}.Debug|x86.ActiveCfg = Debug|Any CPU
		{CF3008FD-F607-4B74-AE4D-D039EE4304C5}.Debug|x86.Build.0 = Debug|Any CPU
		{CF3008FD-F607-4B74-AE4D-D039EE4304C5}.Release|Any CPU.ActiveCfg = Release|Any CPU
		{CF3008FD-F607-4B74-AE4D-D039EE4304C5}.Release|Any CPU.Build.0 = Release|Any CPU
		{CF3008FD-F607-4B74-AE4D-D039EE4304C5}.Release|arm64.ActiveCfg = Release|Any CPU
		{CF3008FD-F607-4B74-AE4D-D039EE4304C5}.Release|arm64.Build.0 = Release|Any CPU
		{CF3008FD-F607-4B74-AE4D-D039EE4304C5}.Release|x64.ActiveCfg = Release|Any CPU
		{CF3008FD-F607-4B74-AE4D-D039EE4304C5}.Release|x64.Build.0 = Release|Any CPU
		{CF3008FD-F607-4B74-AE4D-D039EE4304C5}.Release|x86.ActiveCfg = Release|Any CPU
		{CF3008FD-F607-4B74-AE4D-D039EE4304C5}.Release|x86.Build.0 = Release|Any CPU
		{1569F5B1-E508-4403-B0CC-EF9EAE58B747}.Debug|Any CPU.ActiveCfg = Debug|Any CPU
		{1569F5B1-E508-4403-B0CC-EF9EAE58B747}.Debug|Any CPU.Build.0 = Debug|Any CPU
		{1569F5B1-E508-4403-B0CC-EF9EAE58B747}.Debug|arm64.ActiveCfg = Debug|Any CPU
		{1569F5B1-E508-4403-B0CC-EF9EAE58B747}.Debug|arm64.Build.0 = Debug|Any CPU
		{1569F5B1-E508-4403-B0CC-EF9EAE58B747}.Debug|x64.ActiveCfg = Debug|Any CPU
		{1569F5B1-E508-4403-B0CC-EF9EAE58B747}.Debug|x64.Build.0 = Debug|Any CPU
		{1569F5B1-E508-4403-B0CC-EF9EAE58B747}.Debug|x86.ActiveCfg = Debug|Any CPU
		{1569F5B1-E508-4403-B0CC-EF9EAE58B747}.Debug|x86.Build.0 = Debug|Any CPU
		{1569F5B1-E508-4403-B0CC-EF9EAE58B747}.Release|Any CPU.ActiveCfg = Release|Any CPU
		{1569F5B1-E508-4403-B0CC-EF9EAE58B747}.Release|Any CPU.Build.0 = Release|Any CPU
		{1569F5B1-E508-4403-B0CC-EF9EAE58B747}.Release|arm64.ActiveCfg = Release|Any CPU
		{1569F5B1-E508-4403-B0CC-EF9EAE58B747}.Release|arm64.Build.0 = Release|Any CPU
		{1569F5B1-E508-4403-B0CC-EF9EAE58B747}.Release|x64.ActiveCfg = Release|Any CPU
		{1569F5B1-E508-4403-B0CC-EF9EAE58B747}.Release|x64.Build.0 = Release|Any CPU
		{1569F5B1-E508-4403-B0CC-EF9EAE58B747}.Release|x86.ActiveCfg = Release|Any CPU
		{1569F5B1-E508-4403-B0CC-EF9EAE58B747}.Release|x86.Build.0 = Release|Any CPU
		{DF8A4FF2-939C-42AE-908C-1BB754586FF0}.Debug|Any CPU.ActiveCfg = Debug|Any CPU
		{DF8A4FF2-939C-42AE-908C-1BB754586FF0}.Debug|Any CPU.Build.0 = Debug|Any CPU
		{DF8A4FF2-939C-42AE-908C-1BB754586FF0}.Debug|arm64.ActiveCfg = Debug|Any CPU
		{DF8A4FF2-939C-42AE-908C-1BB754586FF0}.Debug|arm64.Build.0 = Debug|Any CPU
		{DF8A4FF2-939C-42AE-908C-1BB754586FF0}.Debug|x64.ActiveCfg = Debug|Any CPU
		{DF8A4FF2-939C-42AE-908C-1BB754586FF0}.Debug|x64.Build.0 = Debug|Any CPU
		{DF8A4FF2-939C-42AE-908C-1BB754586FF0}.Debug|x86.ActiveCfg = Debug|Any CPU
		{DF8A4FF2-939C-42AE-908C-1BB754586FF0}.Debug|x86.Build.0 = Debug|Any CPU
		{DF8A4FF2-939C-42AE-908C-1BB754586FF0}.Release|Any CPU.ActiveCfg = Release|Any CPU
		{DF8A4FF2-939C-42AE-908C-1BB754586FF0}.Release|Any CPU.Build.0 = Release|Any CPU
		{DF8A4FF2-939C-42AE-908C-1BB754586FF0}.Release|arm64.ActiveCfg = Release|Any CPU
		{DF8A4FF2-939C-42AE-908C-1BB754586FF0}.Release|arm64.Build.0 = Release|Any CPU
		{DF8A4FF2-939C-42AE-908C-1BB754586FF0}.Release|x64.ActiveCfg = Release|Any CPU
		{DF8A4FF2-939C-42AE-908C-1BB754586FF0}.Release|x64.Build.0 = Release|Any CPU
		{DF8A4FF2-939C-42AE-908C-1BB754586FF0}.Release|x86.ActiveCfg = Release|Any CPU
		{DF8A4FF2-939C-42AE-908C-1BB754586FF0}.Release|x86.Build.0 = Release|Any CPU
	EndGlobalSection
	GlobalSection(SolutionProperties) = preSolution
		HideSolutionNode = FALSE
	EndGlobalSection
	GlobalSection(NestedProjects) = preSolution
		{9E4FA26B-4748-47AA-8A28-A58B6E415B7B} = {26140CB9-D104-4DC0-B76F-56E6446DA74E}
		{CF3008FD-F607-4B74-AE4D-D039EE4304C5} = {26140CB9-D104-4DC0-B76F-56E6446DA74E}
		{1569F5B1-E508-4403-B0CC-EF9EAE58B747} = {26140CB9-D104-4DC0-B76F-56E6446DA74E}
		{DF8A4FF2-939C-42AE-908C-1BB754586FF0} = {FF4434C8-B263-4D4B-9659-4BDA03E9FFFB}
	EndGlobalSection
	GlobalSection(ExtensibilityGlobals) = postSolution
		SolutionGuid = {FDD6C7EA-39F7-402C-B9A0-946889C35039}
	EndGlobalSection
EndGlobal
